{
  "requires": true,
  "lockfileVersion": 1,
  "dependencies": {
    "blowup": {
      "version": "1.0.2",
      "resolved": "https://registry.npmjs.org/blowup/-/blowup-1.0.2.tgz",
      "integrity": "sha512-bMRKisjPwBDlP+KcxGcsF+CDnBYb0b/ZZ31P4WxX7j9sBwnYo4UyU/5xAebZS6bxhv4WASf06L3WWQc+euvRqQ=="
    }
  }
}
